
Microsoft Visual Studio Solution File, Format Version 12.00
Project("{FAE04EC0-301F-11D3-BF4B-00C04F79EFBC}") = "PokemonAPI2.0", "PokemonAPI2.0\PokemonAPI2.0.csproj", "{BADD413F-6B5B-4556-838C-E66956A818AA}"
EndProject
Global
	GlobalSection(SolutionConfigurationPlatforms) = preSolution
		Debug|Any CPU = Debug|Any CPU
		Release|Any CPU = Release|Any CPU
	EndGlobalSection
	GlobalSection(ProjectConfigurationPlatforms) = postSolution
		{BADD413F-6B5B-4556-838C-E66956A818AA}.Debug|Any CPU.ActiveCfg = Debug|Any CPU
		{BADD413F-6B5B-4556-838C-E66956A818AA}.Debug|Any CPU.Build.0 = Debug|Any CPU
		{BADD413F-6B5B-4556-838C-E66956A818AA}.Release|Any CPU.ActiveCfg = Release|Any CPU
		{BADD413F-6B5B-4556-838C-E66956A818AA}.Release|Any CPU.Build.0 = Release|Any CPU
	EndGlobalSection
EndGlobal
